// !$*UTF8*$!
{
	archiveVersion = 1;
	classes = {
	};
	objectVersion = 46;
	objects = {

/* Begin PBXBuildFile section */
		7F08780F1EBC7E750003A369 /* Home.storyboard in Resources */ = {isa = PBXBuildFile; fileRef = 7F08780D1EBC7E750003A369 /* Home.storyboard */; };
		7F0878111EBC7EA40003A369 /* Live.storyboard in Resources */ = {isa = PBXBuildFile; fileRef = 7F0878101EBC7EA40003A369 /* Live.storyboard */; };
		7F0878141EBC7EBC0003A369 /* Follow.storyboard in Resources */ = {isa = PBXBuildFile; fileRef = 7F0878121EBC7EBC0003A369 /* Follow.storyboard */; };
		7F0878161EBC7ED00003A369 /* Profile.storyboard in Resources */ = {isa = PBXBuildFile; fileRef = 7F0878151EBC7ED00003A369 /* Profile.storyboard */; };
		7F0878181EBC83510003A369 /* UIBarButtonItem-Extension.swift in Sources */ = {isa = PBXBuildFile; fileRef = 7F0878171EBC83510003A369 /* UIBarButtonItem-Extension.swift */; };
		7F1373271EBC859200F74EF2 /* HomeViewController.swift in Sources */ = {isa = PBXBuildFile; fileRef = 7F1373261EBC859200F74EF2 /* HomeViewController.swift */; };
		7F1373291EBC8B7000F74EF2 /* Common.swift in Sources */ = {isa = PBXBuildFile; fileRef = 7F1373281EBC8B7000F74EF2 /* Common.swift */; };
		7F13732B1EBDCDBF00F74EF2 /* PageTitleView.swift in Sources */ = {isa = PBXBuildFile; fileRef = 7F13732A1EBDCDBF00F74EF2 /* PageTitleView.swift */; };
		7F13732D1EBDCDEE00F74EF2 /* UIColor-Extension.swift in Sources */ = {isa = PBXBuildFile; fileRef = 7F13732C1EBDCDEE00F74EF2 /* UIColor-Extension.swift */; };
		7F13732F1EBDEA5E00F74EF2 /* PageContentView.swift in Sources */ = {isa = PBXBuildFile; fileRef = 7F13732E1EBDEA5E00F74EF2 /* PageContentView.swift */; };
		7F1373311EBDF4FA00F74EF2 /* RecommendViewController.swift in Sources */ = {isa = PBXBuildFile; fileRef = 7F1373301EBDF4FA00F74EF2 /* RecommendViewController.swift */; };
		7F1373331EBDF52F00F74EF2 /* RoomShowViewController.swift in Sources */ = {isa = PBXBuildFile; fileRef = 7F1373321EBDF52F00F74EF2 /* RoomShowViewController.swift */; };
		7F4BCF5A1EBC71FA00BEE18C /* AppDelegate.swift in Sources */ = {isa = PBXBuildFile; fileRef = 7F4BCF591EBC71FA00BEE18C /* AppDelegate.swift */; };
		7F4BCF5F1EBC71FA00BEE18C /* Main.storyboard in Resources */ = {isa = PBXBuildFile; fileRef = 7F4BCF5D1EBC71FA00BEE18C /* Main.storyboard */; };
		7F4BCF611EBC71FA00BEE18C /* Assets.xcassets in Resources */ = {isa = PBXBuildFile; fileRef = 7F4BCF601EBC71FA00BEE18C /* Assets.xcassets */; };
/* End PBXBuildFile section */

/* Begin PBXFileReference section */
		7F08780E1EBC7E750003A369 /* Base */ = {isa = PBXFileReference; lastKnownFileType = file.storyboard; name = Base; path = DouYu/Base.lproj/Home.storyboard; sourceTree = SOURCE_ROOT; };
		7F0878101EBC7EA40003A369 /* Live.storyboard */ = {isa = PBXFileReference; fileEncoding = 4; lastKnownFileType = file.storyboard; path = Live.storyboard; sourceTree = "<group>"; };
		7F0878131EBC7EBC0003A369 /* Base */ = {isa = PBXFileReference; lastKnownFileType = file.storyboard; name = Base; path = DouYu/Base.lproj/Follow.storyboard; sourceTree = SOURCE_ROOT; };
		7F0878151EBC7ED00003A369 /* Profile.storyboard */ = {isa = PBXFileReference; fileEncoding = 4; lastKnownFileType = file.storyboard; path = Profile.storyboard; sourceTree = "<group>"; };
		7F0878171EBC83510003A369 /* UIBarButtonItem-Extension.swift */ = {isa = PBXFileReference; fileEncoding = 4; lastKnownFileType = sourcecode.swift; path = "UIBarButtonItem-Extension.swift"; sourceTree = "<group>"; };
		7F1373261EBC859200F74EF2 /* HomeViewController.swift */ = {isa = PBXFileReference; fileEncoding = 4; lastKnownFileType = sourcecode.swift; path = HomeViewController.swift; sourceTree = "<group>"; };
		7F1373281EBC8B7000F74EF2 /* Common.swift */ = {isa = PBXFileReference; fileEncoding = 4; lastKnownFileType = sourcecode.swift; path = Common.swift; sourceTree = "<group>"; };
		7F13732A1EBDCDBF00F74EF2 /* PageTitleView.swift */ = {isa = PBXFileReference; fileEncoding = 4; lastKnownFileType = sourcecode.swift; path = PageTitleView.swift; sourceTree = "<group>"; };
		7F13732C1EBDCDEE00F74EF2 /* UIColor-Extension.swift */ = {isa = PBXFileReference; fileEncoding = 4; lastKnownFileType = sourcecode.swift; path = "UIColor-Extension.swift"; sourceTree = "<group>"; };
		7F13732E1EBDEA5E00F74EF2 /* PageContentView.swift */ = {isa = PBXFileReference; fileEncoding = 4; lastKnownFileType = sourcecode.swift; path = PageContentView.swift; sourceTree = "<group>"; };
		7F1373301EBDF4FA00F74EF2 /* RecommendViewController.swift */ = {isa = PBXFileReference; fileEncoding = 4; lastKnownFileType = sourcecode.swift; path = RecommendViewController.swift; sourceTree = "<group>"; };
		7F1373321EBDF52F00F74EF2 /* RoomShowViewController.swift */ = {isa = PBXFileReference; fileEncoding = 4; lastKnownFileType = sourcecode.swift; path = RoomShowViewController.swift; sourceTree = "<group>"; };
		7F4BCF561EBC71FA00BEE18C /* DouYu.app */ = {isa = PBXFileReference; explicitFileType = wrapper.application; includeInIndex = 0; path = DouYu.app; sourceTree = BUILT_PRODUCTS_DIR; };
		7F4BCF591EBC71FA00BEE18C /* AppDelegate.swift */ = {isa = PBXFileReference; lastKnownFileType = sourcecode.swift; path = AppDelegate.swift; sourceTree = "<group>"; };
		7F4BCF5E1EBC71FA00BEE18C /* Base */ = {isa = PBXFileReference; lastKnownFileType = file.storyboard; name = Base; path = Base.lproj/Main.storyboard; sourceTree = "<group>"; };
		7F4BCF601EBC71FA00BEE18C /* Assets.xcassets */ = {isa = PBXFileReference; lastKnownFileType = folder.assetcatalog; path = Assets.xcassets; sourceTree = "<group>"; };
		7F4BCF651EBC71FA00BEE18C /* Info.plist */ = {isa = PBXFileReference; lastKnownFileType = text.plist.xml; path = Info.plist; sourceTree = "<group>"; };
/* End PBXFileReference section */

/* Begin PBXFrameworksBuildPhase section */
		7F4BCF531EBC71FA00BEE18C /* Frameworks */ = {
			isa = PBXFrameworksBuildPhase;
			buildActionMask = 2147483647;
			files = (
			);
			runOnlyForDeploymentPostprocessing = 0;
		};
/* End PBXFrameworksBuildPhase section */

/* Begin PBXGroup section */
		7F4BCF4D1EBC71FA00BEE18C = {
			isa = PBXGroup;
			children = (
				7F4BCF581EBC71FA00BEE18C /* DouYu */,
				7F4BCF571EBC71FA00BEE18C /* Products */,
			);
			sourceTree = "<group>";
		};
		7F4BCF571EBC71FA00BEE18C /* Products */ = {
			isa = PBXGroup;
			children = (
				7F4BCF561EBC71FA00BEE18C /* DouYu.app */,
			);
			name = Products;
			sourceTree = "<group>";
		};
		7F4BCF581EBC71FA00BEE18C /* DouYu */ = {
			isa = PBXGroup;
			children = (
				7FA8A3AA1EBC786700ECDE63 /* Classes */,
				7F4BCF591EBC71FA00BEE18C /* AppDelegate.swift */,
				7F4BCF5D1EBC71FA00BEE18C /* Main.storyboard */,
				7F4BCF601EBC71FA00BEE18C /* Assets.xcassets */,
				7F4BCF651EBC71FA00BEE18C /* Info.plist */,
			);
			path = DouYu;
			sourceTree = "<group>";
		};
		7FA8A3AA1EBC786700ECDE63 /* Classes */ = {
			isa = PBXGroup;
			children = (
				7FA8A3B01EBC786700ECDE63 /* Main */,
				7FA8A3AB1EBC786700ECDE63 /* Home */,
				7FA8A3B51EBC786700ECDE63 /* Room */,
				7FA8A3B71EBC786700ECDE63 /* Tools */,
			);
			path = Classes;
			sourceTree = "<group>";
		};
		7FA8A3AB1EBC786700ECDE63 /* Home */ = {
			isa = PBXGroup;
			children = (
				7FA8A3AD1EBC786700ECDE63 /* Model */,
				7FA8A3AE1EBC786700ECDE63 /* View */,
				7FA8A3AC1EBC786700ECDE63 /* Controller */,
				7FA8A3AF1EBC786700ECDE63 /* ViewModel */,
			);
			path = Home;
			sourceTree = "<group>";
		};
		7FA8A3AC1EBC786700ECDE63 /* Controller */ = {
			isa = PBXGroup;
			children = (
				7F08780D1EBC7E750003A369 /* Home.storyboard */,
				7F1373261EBC859200F74EF2 /* HomeViewController.swift */,
				7F1373301EBDF4FA00F74EF2 /* RecommendViewController.swift */,
			);
			path = Controller;
			sourceTree = "<group>";
		};
		7FA8A3AD1EBC786700ECDE63 /* Model */ = {
			isa = PBXGroup;
			children = (
			);
			path = Model;
			sourceTree = "<group>";
		};
		7FA8A3AE1EBC786700ECDE63 /* View */ = {
			isa = PBXGroup;
			children = (
				7F13732A1EBDCDBF00F74EF2 /* PageTitleView.swift */,
				7F13732E1EBDEA5E00F74EF2 /* PageContentView.swift */,
			);
			path = View;
			sourceTree = "<group>";
		};
		7FA8A3AF1EBC786700ECDE63 /* ViewModel */ = {
			isa = PBXGroup;
			children = (
			);
			path = ViewModel;
			sourceTree = "<group>";
		};
		7FA8A3B01EBC786700ECDE63 /* Main */ = {
			isa = PBXGroup;
			children = (
				7FA8A3B21EBC786700ECDE63 /* Model */,
				7FA8A3B31EBC786700ECDE63 /* View */,
				7FA8A3B41EBC786700ECDE63 /* ViewModel */,
				7FA8A3B11EBC786700ECDE63 /* Controller */,
			);
			path = Main;
			sourceTree = "<group>";
		};
		7FA8A3B11EBC786700ECDE63 /* Controller */ = {
			isa = PBXGroup;
			children = (
				7F0878151EBC7ED00003A369 /* Profile.storyboard */,
				7F0878121EBC7EBC0003A369 /* Follow.storyboard */,
				7F0878101EBC7EA40003A369 /* Live.storyboard */,
			);
			path = Controller;
			sourceTree = "<group>";
		};
		7FA8A3B21EBC786700ECDE63 /* Model */ = {
			isa = PBXGroup;
			children = (
			);
			path = Model;
			sourceTree = "<group>";
		};
		7FA8A3B31EBC786700ECDE63 /* View */ = {
			isa = PBXGroup;
			children = (
			);
			path = View;
			sourceTree = "<group>";
		};
		7FA8A3B41EBC786700ECDE63 /* ViewModel */ = {
			isa = PBXGroup;
			children = (
			);
			path = ViewModel;
			sourceTree = "<group>";
		};
		7FA8A3B51EBC786700ECDE63 /* Room */ = {
			isa = PBXGroup;
			children = (
				7FA8A3B61EBC786700ECDE63 /* Controller */,
			);
			path = Room;
			sourceTree = "<group>";
		};
		7FA8A3B61EBC786700ECDE63 /* Controller */ = {
			isa = PBXGroup;
			children = (
				7F1373321EBDF52F00F74EF2 /* RoomShowViewController.swift */,
			);
			path = Controller;
			sourceTree = "<group>";
		};
		7FA8A3B71EBC786700ECDE63 /* Tools */ = {
			isa = PBXGroup;
			children = (
				7FA8A3B81EBC786700ECDE63 /* Extension */,
				7F1373281EBC8B7000F74EF2 /* Common.swift */,
			);
			path = Tools;
			sourceTree = "<group>";
		};
		7FA8A3B81EBC786700ECDE63 /* Extension */ = {
			isa = PBXGroup;
			children = (
				7F0878171EBC83510003A369 /* UIBarButtonItem-Extension.swift */,
				7F13732C1EBDCDEE00F74EF2 /* UIColor-Extension.swift */,
			);
			path = Extension;
			sourceTree = "<group>";
		};
/* End PBXGroup section */

/* Begin PBXNativeTarget section */
		7F4BCF551EBC71FA00BEE18C /* DouYu */ = {
			isa = PBXNativeTarget;
			buildConfigurationList = 7F4BCF681EBC71FA00BEE18C /* Build configuration list for PBXNativeTarget "DouYu" */;
			buildPhases = (
				7F4BCF521EBC71FA00BEE18C /* Sources */,
				7F4BCF531EBC71FA00BEE18C /* Frameworks */,
				7F4BCF541EBC71FA00BEE18C /* Resources */,
			);
			buildRules = (
			);
			dependencies = (
			);
			name = DouYu;
			productName = DouYu;
			productReference = 7F4BCF561EBC71FA00BEE18C /* DouYu.app */;
			productType = "com.apple.product-type.application";
		};
/* End PBXNativeTarget section */

/* Begin PBXProject section */
		7F4BCF4E1EBC71FA00BEE18C /* Project object */ = {
			isa = PBXProject;
			attributes = {
				LastSwiftUpdateCheck = 0830;
				LastUpgradeCheck = 0830;
				ORGANIZATIONNAME = "MoDao-iOS";
				TargetAttributes = {
					7F4BCF551EBC71FA00BEE18C = {
						CreatedOnToolsVersion = 8.3.2;
						DevelopmentTeam = 5WS6K48FR4;
						ProvisioningStyle = Automatic;
					};
				};
			};
			buildConfigurationList = 7F4BCF511EBC71FA00BEE18C /* Build configuration list for PBXProject "DouYu" */;
			compatibilityVersion = "Xcode 3.2";
			developmentRegion = English;
			hasScannedForEncodings = 0;
			knownRegions = (
				en,
				Base,
			);
			mainGroup = 7F4BCF4D1EBC71FA00BEE18C;
			productRefGroup = 7F4BCF571EBC71FA00BEE18C /* Products */;
			projectDirPath = "";
			projectRoot = "";
			targets = (
				7F4BCF551EBC71FA00BEE18C /* DouYu */,
			);
		};
/* End PBXProject section */

/* Begin PBXResourcesBuildPhase section */
		7F4BCF541EBC71FA00BEE18C /* Resources */ = {
			isa = PBXResourcesBuildPhase;
			buildActionMask = 2147483647;
			files = (
				7F0878161EBC7ED00003A369 /* Profile.storyboard in Resources */,
				7F0878141EBC7EBC0003A369 /* Follow.storyboard in Resources */,
				7F08780F1EBC7E750003A369 /* Home.storyboard in Resources */,
				7F4BCF611EBC71FA00BEE18C /* Assets.xcassets in Resources */,
				7F0878111EBC7EA40003A369 /* Live.storyboard in Resources */,
				7F4BCF5F1EBC71FA00BEE18C /* Main.storyboard in Resources */,
			);
			runOnlyForDeploymentPostprocessing = 0;
		};
/* End PBXResourcesBuildPhase section */

/* Begin PBXSourcesBuildPhase section */
		7F4BCF521EBC71FA00BEE18C /* Sources */ = {
			isa = PBXSourcesBuildPhase;
			buildActionMask = 2147483647;
			files = (
				7F1373291EBC8B7000F74EF2 /* Common.swift in Sources */,
				7F1373311EBDF4FA00F74EF2 /* RecommendViewController.swift in Sources */,
				7F13732D1EBDCDEE00F74EF2 /* UIColor-Extension.swift in Sources */,
				7F0878181EBC83510003A369 /* UIBarButtonItem-Extension.swift in Sources */,
				7F13732F1EBDEA5E00F74EF2 /* PageContentView.swift in Sources */,
				7F1373331EBDF52F00F74EF2 /* RoomShowViewController.swift in Sources */,
				7F13732B1EBDCDBF00F74EF2 /* PageTitleView.swift in Sources */,
				7F4BCF5A1EBC71FA00BEE18C /* AppDelegate.swift in Sources */,
				7F1373271EBC859200F74EF2 /* HomeViewController.swift in Sources */,
			);
			runOnlyForDeploymentPostprocessing = 0;
		};
/* End PBXSourcesBuildPhase section */

/* Begin PBXVariantGroup section */
		7F08780D1EBC7E750003A369 /* Home.storyboard */ = {
			isa = PBXVariantGroup;
			children = (
				7F08780E1EBC7E750003A369 /* Base */,
			);
			name = Home.storyboard;
			path = ../../Main/Controller;
			sourceTree = "<group>";
		};
		7F0878121EBC7EBC0003A369 /* Follow.storyboard */ = {
			isa = PBXVariantGroup;
			children = (
				7F0878131EBC7EBC0003A369 /* Base */,
			);
			name = Follow.storyboard;
			sourceTree = "<group>";
		};
		7F4BCF5D1EBC71FA00BEE18C /* Main.storyboard */ = {
			isa = PBXVariantGroup;
			children = (
				7F4BCF5E1EBC71FA00BEE18C /* Base */,
			);
			name = Main.storyboard;
			sourceTree = "<group>";
		};
/* End PBXVariantGroup section */

/* Begin XCBuildConfiguration section */
		7F4BCF661EBC71FA00BEE18C /* Debug */ = {
			isa = XCBuildConfiguration;
			buildSettings = {
				ALWAYS_SEARCH_USER_PATHS = NO;
				CLANG_ANALYZER_NONNULL = YES;
				CLANG_ANALYZER_NUMBER_OBJECT_CONVERSION = YES_AGGRESSIVE;
				CLANG_CXX_LANGUAGE_STANDARD = "gnu++0x";
				CLANG_CXX_LIBRARY = "libc++";
				CLANG_ENABLE_MODULES = YES;
				CLANG_ENABLE_OBJC_ARC = YES;
				CLANG_WARN_BOOL_CONVERSION = YES;
				CLANG_WARN_CONSTANT_CONVERSION = YES;
				CLANG_WARN_DIRECT_OBJC_ISA_USAGE = YES_ERROR;
				CLANG_WARN_DOCUMENTATION_COMMENTS = YES;
				CLANG_WARN_EMPTY_BODY = YES;
				CLANG_WARN_ENUM_CONVERSION = YES;
				CLANG_WARN_INFINITE_RECURSION = YES;
				CLANG_WARN_INT_CONVERSION = YES;
				CLANG_WARN_OBJC_ROOT_CLASS = YES_ERROR;
				CLANG_WARN_SUSPICIOUS_MOVE = YES;
				CLANG_WARN_UNREACHABLE_CODE = YES;
				CLANG_WARN__DUPLICATE_METHOD_MATCH = YES;
				"CODE_SIGN_IDENTITY[sdk=iphoneos*]" = "iPhone Developer";
				COPY_PHASE_STRIP = NO;
				DEBUG_INFORMATION_FORMAT = dwarf;
				ENABLE_STRICT_OBJC_MSGSEND = YES;
				ENABLE_TESTABILITY = YES;
				GCC_C_LANGUAGE_STANDARD = gnu99;
				GCC_DYNAMIC_NO_PIC = NO;
				GCC_NO_COMMON_BLOCKS = YES;
				GCC_OPTIMIZATION_LEVEL = 0;
				GCC_PREPROCESSOR_DEFINITIONS = (
					"DEBUG=1",
					"$(inherited)",
				);
				GCC_WARN_64_TO_32_BIT_CONVERSION = YES;
				GCC_WARN_ABOUT_RETURN_TYPE = YES_ERROR;
				GCC_WARN_UNDECLARED_SELECTOR = YES;
				GCC_WARN_UNINITIALIZED_AUTOS = YES_AGGRESSIVE;
				GCC_WARN_UNUSED_FUNCTION = YES;
				GCC_WARN_UNUSED_VARIABLE = YES;
				IPHONEOS_DEPLOYMENT_TARGET = 10.3;
				MTL_ENABLE_DEBUG_INFO = YES;
				ONLY_ACTIVE_ARCH = YES;
				SDKROOT = iphoneos;
				SWIFT_ACTIVE_COMPILATION_CONDITIONS = DEBUG;
				SWIFT_OPTIMIZATION_LEVEL = "-Onone";
			};
			name = Debug;
		};
		7F4BCF671EBC71FA00BEE18C /* Release */ = {
			isa = XCBuildConfiguration;
			buildSettings = {
				ALWAYS_SEARCH_USER_PATHS = NO;
				CLANG_ANALYZER_NONNULL = YES;
				CLANG_ANALYZER_NUMBER_OBJECT_CONVERSION = YES_AGGRESSIVE;
				CLANG_CXX_LANGUAGE_STANDARD = "gnu++0x";
				CLANG_CXX_LIBRARY = "libc++";
				CLANG_ENABLE_MODULES = YES;
				CLANG_ENABLE_OBJC_ARC = YES;
				CLANG_WARN_BOOL_CONVERSION = YES;
				CLANG_WARN_CONSTANT_CONVERSION = YES;
				CLANG_WARN_DIRECT_OBJC_ISA_USAGE = YES_ERROR;
				CLANG_WARN_DOCUMENTATION_COMMENTS = YES;
				CLANG_WARN_EMPTY_BODY = YES;
				CLANG_WARN_ENUM_CONVERSION = YES;
				CLANG_WARN_INFINITE_RECURSION = YES;
				CLANG_WARN_INT_CONVERSION = YES;
				CLANG_WARN_OBJC_ROOT_CLASS = YES_ERROR;
				CLANG_WARN_SUSPICIOUS_MOVE = YES;
				CLANG_WARN_UNREACHABLE_CODE = YES;
				CLANG_WARN__DUPLICATE_METHOD_MATCH = YES;
				"CODE_SIGN_IDENTITY[sdk=iphoneos*]" = "iPhone Developer";
				COPY_PHASE_STRIP = NO;
				DEBUG_INFORMATION_FORMAT = "dwarf-with-dsym";
				ENABLE_NS_ASSERTIONS = NO;
				ENABLE_STRICT_OBJC_MSGSEND = YES;
				GCC_C_LANGUAGE_STANDARD = gnu99;
				GCC_NO_COMMON_BLOCKS = YES;
				GCC_WARN_64_TO_32_BIT_CONVERSION = YES;
				GCC_WARN_ABOUT_RETURN_TYPE = YES_ERROR;
				GCC_WARN_UNDECLARED_SELECTOR = YES;
				GCC_WARN_UNINITIALIZED_AUTOS = YES_AGGRESSIVE;
				GCC_WARN_UNUSED_FUNCTION = YES;
				GCC_WARN_UNUSED_VARIABLE = YES;
				IPHONEOS_DEPLOYMENT_TARGET = 10.3;
				MTL_ENABLE_DEBUG_INFO = NO;
				SDKROOT = iphoneos;
				SWIFT_OPTIMIZATION_LEVEL = "-Owholemodule";
				VALIDATE_PRODUCT = YES;
			};
			name = Release;
		};
		7F4BCF691EBC71FA00BEE18C /* Debug */ = {
			isa = XCBuildConfiguration;
			buildSettings = {
				ASSETCATALOG_COMPILER_APPICON_NAME = AppIcon;
				ASSETCATALOG_COMPILER_LAUNCHIMAGE_NAME = LaunchImage;
				DEVELOPMENT_TEAM = 5WS6K48FR4;
				INFOPLIST_FILE = DouYu/Info.plist;
				IPHONEOS_DEPLOYMENT_TARGET = 9.0;
				LD_RUNPATH_SEARCH_PATHS = "$(inherited) @executable_path/Frameworks";
				PRODUCT_BUNDLE_IDENTIFIER = com.MoDao.DouYu;
				PRODUCT_NAME = "$(TARGET_NAME)";
				SWIFT_VERSION = 3.0;
			};
			name = Debug;
		};
		7F4BCF6A1EBC71FA00BEE18C /* Release */ = {
			isa = XCBuildConfiguration;
			buildSettings = {
				ASSETCATALOG_COMPILER_APPICON_NAME = AppIcon;
				ASSETCATALOG_COMPILER_LAUNCHIMAGE_NAME = LaunchImage;
				DEVELOPMENT_TEAM = 5WS6K48FR4;
				INFOPLIST_FILE = DouYu/Info.plist;
				IPHONEOS_DEPLOYMENT_TARGET = 9.0;
				LD_RUNPATH_SEARCH_PATHS = "$(inherited) @executable_path/Frameworks";
				PRODUCT_BUNDLE_IDENTIFIER = com.MoDao.DouYu;
				PRODUCT_NAME = "$(TARGET_NAME)";
				SWIFT_VERSION = 3.0;
			};
			name = Release;
		};
/* End XCBuildConfiguration section */

/* Begin XCConfigurationList section */
		7F4BCF511EBC71FA00BEE18C /* Build configuration list for PBXProject "DouYu" */ = {
			isa = XCConfigurationList;
			buildConfigurations = (
				7F4BCF661EBC71FA00BEE18C /* Debug */,
				7F4BCF671EBC71FA00BEE18C /* Release */,
			);
			defaultConfigurationIsVisible = 0;
			defaultConfigurationName = Release;
		};
		7F4BCF681EBC71FA00BEE18C /* Build configuration list for PBXNativeTarget "DouYu" */ = {
			isa = XCConfigurationList;
			buildConfigurations = (
				7F4BCF691EBC71FA00BEE18C /* Debug */,
				7F4BCF6A1EBC71FA00BEE18C /* Release */,
			);
			defaultConfigurationIsVisible = 0;
			defaultConfigurationName = Release;
		};
/* End XCConfigurationList section */
	};
	rootObject = 7F4BCF4E1EBC71FA00BEE18C /* Project object */;
}
